// !$*UTF8*$!
{
	archiveVersion = 1;
	classes = {
	};
	objectVersion = 48;
	objects = {

/* Begin PBXBuildFile section */
		8119EB2D202FC2E300293AC7 /* WeatherModalView.swift in Sources */ = {isa = PBXBuildFile; fileRef = 8119EB2C202FC2E300293AC7 /* WeatherModalView.swift */; };
		8119EB2F202FC2EC00293AC7 /* WeatherModalView.xib in Resources */ = {isa = PBXBuildFile; fileRef = 8119EB2E202FC2EC00293AC7 /* WeatherModalView.xib */; };
		811E0B0C202F638D00E15E85 /* AppDelegate.swift in Sources */ = {isa = PBXBuildFile; fileRef = 811E0B0B202F638D00E15E85 /* AppDelegate.swift */; };
		811E0B0E202F638D00E15E85 /* art.scnassets in Resources */ = {isa = PBXBuildFile; fileRef = 811E0B0D202F638D00E15E85 /* art.scnassets */; };
		811E0B10202F638D00E15E85 /* ViewController.swift in Sources */ = {isa = PBXBuildFile; fileRef = 811E0B0F202F638D00E15E85 /* ViewController.swift */; };
		811E0B13202F638D00E15E85 /* Main.storyboard in Resources */ = {isa = PBXBuildFile; fileRef = 811E0B11202F638D00E15E85 /* Main.storyboard */; };
		811E0B15202F638D00E15E85 /* Assets.xcassets in Resources */ = {isa = PBXBuildFile; fileRef = 811E0B14202F638D00E15E85 /* Assets.xcassets */; };
		811E0B18202F638D00E15E85 /* LaunchScreen.storyboard in Resources */ = {isa = PBXBuildFile; fileRef = 811E0B16202F638D00E15E85 /* LaunchScreen.storyboard */; };
		811E0B20202F651E00E15E85 /* App.swift in Sources */ = {isa = PBXBuildFile; fileRef = 811E0B1F202F651E00E15E85 /* App.swift */; };
		811E0B23202F652800E15E85 /* DarkSky.swift in Sources */ = {isa = PBXBuildFile; fileRef = 811E0B21202F652700E15E85 /* DarkSky.swift */; };
		811E0B24202F652800E15E85 /* Extensions.swift in Sources */ = {isa = PBXBuildFile; fileRef = 811E0B22202F652700E15E85 /* Extensions.swift */; };
		F834CF4941405763EB7F025E /* Pods_Skyfall.framework in Frameworks */ = {isa = PBXBuildFile; fileRef = 1038C5B4B8ECECC4BA384D30 /* Pods_Skyfall.framework */; };
/* End PBXBuildFile section */

/* Begin PBXFileReference section */
		1038C5B4B8ECECC4BA384D30 /* Pods_Skyfall.framework */ = {isa = PBXFileReference; explicitFileType = wrapper.framework; includeInIndex = 0; path = Pods_Skyfall.framework; sourceTree = BUILT_PRODUCTS_DIR; };
		16CB1E75FEC821452CD1D0AA /* Pods-Skyfall.release.xcconfig */ = {isa = PBXFileReference; includeInIndex = 1; lastKnownFileType = text.xcconfig; name = "Pods-Skyfall.release.xcconfig"; path = "Pods/Target Support Files/Pods-Skyfall/Pods-Skyfall.release.xcconfig"; sourceTree = "<group>"; };
		4CD5C1CFF69465B4F468E883 /* Pods-Skyfall.debug.xcconfig */ = {isa = PBXFileReference; includeInIndex = 1; lastKnownFileType = text.xcconfig; name = "Pods-Skyfall.debug.xcconfig"; path = "Pods/Target Support Files/Pods-Skyfall/Pods-Skyfall.debug.xcconfig"; sourceTree = "<group>"; };
		8119EB2C202FC2E300293AC7 /* WeatherModalView.swift */ = {isa = PBXFileReference; lastKnownFileType = sourcecode.swift; path = WeatherModalView.swift; sourceTree = "<group>"; };
		8119EB2E202FC2EC00293AC7 /* WeatherModalView.xib */ = {isa = PBXFileReference; lastKnownFileType = file.xib; path = WeatherModalView.xib; sourceTree = "<group>"; };
		811C7990202FCC800018A75B /* Skyfall-Bridging-Header.h */ = {isa = PBXFileReference; lastKnownFileType = sourcecode.c.h; path = "Skyfall-Bridging-Header.h"; sourceTree = "<group>"; };
		811E0B08202F638D00E15E85 /* Skyfall.app */ = {isa = PBXFileReference; explicitFileType = wrapper.application; includeInIndex = 0; path = Skyfall.app; sourceTree = BUILT_PRODUCTS_DIR; };
		811E0B0B202F638D00E15E85 /* AppDelegate.swift */ = {isa = PBXFileReference; lastKnownFileType = sourcecode.swift; path = AppDelegate.swift; sourceTree = "<group>"; };
		811E0B0D202F638D00E15E85 /* art.scnassets */ = {isa = PBXFileReference; lastKnownFileType = wrapper.scnassets; path = art.scnassets; sourceTree = "<group>"; };
		811E0B0F202F638D00E15E85 /* ViewController.swift */ = {isa = PBXFileReference; lastKnownFileType = sourcecode.swift; path = ViewController.swift; sourceTree = "<group>"; };
		811E0B12202F638D00E15E85 /* Base */ = {isa = PBXFileReference; lastKnownFileType = file.storyboard; name = Base; path = Base.lproj/Main.storyboard; sourceTree = "<group>"; };
		811E0B14202F638D00E15E85 /* Assets.xcassets */ = {isa = PBXFileReference; lastKnownFileType = folder.assetcatalog; path = Assets.xcassets; sourceTree = "<group>"; };
		811E0B17202F638D00E15E85 /* Base */ = {isa = PBXFileReference; lastKnownFileType = file.storyboard; name = Base; path = Base.lproj/LaunchScreen.storyboard; sourceTree = "<group>"; };
		811E0B19202F638D00E15E85 /* Info.plist */ = {isa = PBXFileReference; lastKnownFileType = text.plist.xml; path = Info.plist; sourceTree = "<group>"; };
		811E0B1F202F651E00E15E85 /* App.swift */ = {isa = PBXFileReference; fileEncoding = 4; lastKnownFileType = sourcecode.swift; path = App.swift; sourceTree = "<group>"; };
		811E0B21202F652700E15E85 /* DarkSky.swift */ = {isa = PBXFileReference; fileEncoding = 4; lastKnownFileType = sourcecode.swift; path = DarkSky.swift; sourceTree = "<group>"; };
		811E0B22202F652700E15E85 /* Extensions.swift */ = {isa = PBXFileReference; fileEncoding = 4; lastKnownFileType = sourcecode.swift; path = Extensions.swift; sourceTree = "<group>"; };
/* End PBXFileReference section */

/* Begin PBXFrameworksBuildPhase section */
		811E0B05202F638D00E15E85 /* Frameworks */ = {
			isa = PBXFrameworksBuildPhase;
			buildActionMask = 2147483647;
			files = (
				F834CF4941405763EB7F025E /* Pods_Skyfall.framework in Frameworks */,
			);
			runOnlyForDeploymentPostprocessing = 0;
		};
/* End PBXFrameworksBuildPhase section */

/* Begin PBXGroup section */
		208DB9D4B2AAB4AB042BCB23 /* Pods */ = {
			isa = PBXGroup;
			children = (
				4CD5C1CFF69465B4F468E883 /* Pods-Skyfall.debug.xcconfig */,
				16CB1E75FEC821452CD1D0AA /* Pods-Skyfall.release.xcconfig */,
			);
			name = Pods;
			sourceTree = "<group>";
		};
		3129B3993773113873071A8C /* Frameworks */ = {
			isa = PBXGroup;
			children = (
				1038C5B4B8ECECC4BA384D30 /* Pods_Skyfall.framework */,
			);
			name = Frameworks;
			sourceTree = "<group>";
		};
		8119EB1D202F84DA00293AC7 /* DarkSky */ = {
			isa = PBXGroup;
			children = (
				811E0B21202F652700E15E85 /* DarkSky.swift */,
			);
			path = DarkSky;
			sourceTree = "<group>";
		};
		8119EB1E202F8DAB00293AC7 /* Weather Modal */ = {
			isa = PBXGroup;
			children = (
				8119EB2C202FC2E300293AC7 /* WeatherModalView.swift */,
				8119EB2E202FC2EC00293AC7 /* WeatherModalView.xib */,
			);
			path = "Weather Modal";
			sourceTree = "<group>";
		};
		8119EB29202F956200293AC7 /* Main View */ = {
			isa = PBXGroup;
			children = (
				811E0B0F202F638D00E15E85 /* ViewController.swift */,
				8119EB1E202F8DAB00293AC7 /* Weather Modal */,
			);
			path = "Main View";
			sourceTree = "<group>";
		};
		811E0AFF202F638D00E15E85 = {
			isa = PBXGroup;
			children = (
				811E0B0A202F638D00E15E85 /* Skyfall */,
				811E0B09202F638D00E15E85 /* Products */,
				208DB9D4B2AAB4AB042BCB23 /* Pods */,
				3129B3993773113873071A8C /* Frameworks */,
			);
			sourceTree = "<group>";
		};
		811E0B09202F638D00E15E85 /* Products */ = {
			isa = PBXGroup;
			children = (
				811E0B08202F638D00E15E85 /* Skyfall.app */,
			);
			name = Products;
			sourceTree = "<group>";
		};
		811E0B0A202F638D00E15E85 /* Skyfall */ = {
			isa = PBXGroup;
			children = (
				811E0B1F202F651E00E15E85 /* App.swift */,
				811C7990202FCC800018A75B /* Skyfall-Bridging-Header.h */,
				811E0B0B202F638D00E15E85 /* AppDelegate.swift */,
				8119EB29202F956200293AC7 /* Main View */,
				8119EB1D202F84DA00293AC7 /* DarkSky */,
				811E0B22202F652700E15E85 /* Extensions.swift */,
				811E0B11202F638D00E15E85 /* Main.storyboard */,
				811E0B0D202F638D00E15E85 /* art.scnassets */,
				811E0B14202F638D00E15E85 /* Assets.xcassets */,
				811E0B16202F638D00E15E85 /* LaunchScreen.storyboard */,
				811E0B19202F638D00E15E85 /* Info.plist */,
			);
			path = Skyfall;
			sourceTree = "<group>";
		};
/* End PBXGroup section */

/* Begin PBXNativeTarget section */
		811E0B07202F638D00E15E85 /* Skyfall */ = {
			isa = PBXNativeTarget;
			buildConfigurationList = 811E0B1C202F638D00E15E85 /* Build configuration list for PBXNativeTarget "Skyfall" */;
			buildPhases = (
				38CD38B2535AC733CA41739B /* [CP] Check Pods Manifest.lock */,
				811E0B04202F638D00E15E85 /* Sources */,
				811E0B05202F638D00E15E85 /* Frameworks */,
				811E0B06202F638D00E15E85 /* Resources */,
				F79EAE8D16C47E63A8F51A60 /* [CP] Embed Pods Frameworks */,
				30801E66B573867F073CDE5C /* [CP] Copy Pods Resources */,
			);
			buildRules = (
			);
			dependencies = (
			);
			name = Skyfall;
			productName = Skyfall;
			productReference = 811E0B08202F638D00E15E85 /* Skyfall.app */;
			productType = "com.apple.product-type.application";
		};
/* End PBXNativeTarget section */

/* Begin PBXProject section */
		811E0B00202F638D00E15E85 /* Project object */ = {
			isa = PBXProject;
			attributes = {
				LastSwiftUpdateCheck = 0920;
				LastUpgradeCheck = 0920;
				ORGANIZATIONNAME = Azing;
				TargetAttributes = {
					811E0B07202F638D00E15E85 = {
						CreatedOnToolsVersion = 9.2;
						ProvisioningStyle = Automatic;
					};
				};
			};
			buildConfigurationList = 811E0B03202F638D00E15E85 /* Build configuration list for PBXProject "Skyfall" */;
			compatibilityVersion = "Xcode 8.0";
			developmentRegion = en;
			hasScannedForEncodings = 0;
			knownRegions = (
				en,
				Base,
			);
			mainGroup = 811E0AFF202F638D00E15E85;
			productRefGroup = 811E0B09202F638D00E15E85 /* Products */;
			projectDirPath = "";
			projectRoot = "";
			targets = (
				811E0B07202F638D00E15E85 /* Skyfall */,
			);
		};
/* End PBXProject section */

/* Begin PBXResourcesBuildPhase section */
		811E0B06202F638D00E15E85 /* Resources */ = {
			isa = PBXResourcesBuildPhase;
			buildActionMask = 2147483647;
			files = (
				811E0B0E202F638D00E15E85 /* art.scnassets in Resources */,
				8119EB2F202FC2EC00293AC7 /* WeatherModalView.xib in Resources */,
				811E0B18202F638D00E15E85 /* LaunchScreen.storyboard in Resources */,
				811E0B15202F638D00E15E85 /* Assets.xcassets in Resources */,
				811E0B13202F638D00E15E85 /* Main.storyboard in Resources */,
			);
			runOnlyForDeploymentPostprocessing = 0;
		};
/* End PBXResourcesBuildPhase section */

/* Begin PBXShellScriptBuildPhase section */
		30801E66B573867F073CDE5C /* [CP] Copy Pods Resources */ = {
			isa = PBXShellScriptBuildPhase;
			buildActionMask = 2147483647;
			files = (
			);
			inputPaths = (
			);
			name = "[CP] Copy Pods Resources";
			outputPaths = (
			);
			runOnlyForDeploymentPostprocessing = 0;
			shellPath = /bin/sh;
			shellScript = "\"${SRCROOT}/Pods/Target Support Files/Pods-Skyfall/Pods-Skyfall-resources.sh\"\n";
			showEnvVarsInLog = 0;
		};
		38CD38B2535AC733CA41739B /* [CP] Check Pods Manifest.lock */ = {
			isa = PBXShellScriptBuildPhase;
			buildActionMask = 2147483647;
			files = (
			);
			inputPaths = (
				"${PODS_PODFILE_DIR_PATH}/Podfile.lock",
				"${PODS_ROOT}/Manifest.lock",
			);
			name = "[CP] Check Pods Manifest.lock";
			outputPaths = (
				"$(DERIVED_FILE_DIR)/Pods-Skyfall-checkManifestLockResult.txt",
			);
			runOnlyForDeploymentPostprocessing = 0;
			shellPath = /bin/sh;
			shellScript = "diff \"${PODS_PODFILE_DIR_PATH}/Podfile.lock\" \"${PODS_ROOT}/Manifest.lock\" > /dev/null\nif [ $? != 0 ] ; then\n    # print error to STDERR\n    echo \"error: The sandbox is not in sync with the Podfile.lock. Run 'pod install' or update your CocoaPods installation.\" >&2\n    exit 1\nfi\n# This output is used by Xcode 'outputs' to avoid re-running this script phase.\necho \"SUCCESS\" > \"${SCRIPT_OUTPUT_FILE_0}\"\n";
			showEnvVarsInLog = 0;
		};
		F79EAE8D16C47E63A8F51A60 /* [CP] Embed Pods Frameworks */ = {
			isa = PBXShellScriptBuildPhase;
			buildActionMask = 2147483647;
			files = (
			);
			inputPaths = (
				"${SRCROOT}/Pods/Target Support Files/Pods-Skyfall/Pods-Skyfall-frameworks.sh",
				"${BUILT_PRODUCTS_DIR}/Alamofire/Alamofire.framework",
				"${BUILT_PRODUCTS_DIR}/BEMSimpleLineGraph/BEMSimpleLineGraph.framework",
				"${BUILT_PRODUCTS_DIR}/SwiftyJSON/SwiftyJSON.framework",
			);
			name = "[CP] Embed Pods Frameworks";
			outputPaths = (
				"${TARGET_BUILD_DIR}/${FRAMEWORKS_FOLDER_PATH}/Alamofire.framework",
				"${TARGET_BUILD_DIR}/${FRAMEWORKS_FOLDER_PATH}/BEMSimpleLineGraph.framework",
				"${TARGET_BUILD_DIR}/${FRAMEWORKS_FOLDER_PATH}/SwiftyJSON.framework",
			);
			runOnlyForDeploymentPostprocessing = 0;
			shellPath = /bin/sh;
			shellScript = "\"${SRCROOT}/Pods/Target Support Files/Pods-Skyfall/Pods-Skyfall-frameworks.sh\"\n";
			showEnvVarsInLog = 0;
		};
/* End PBXShellScriptBuildPhase section */

/* Begin PBXSourcesBuildPhase section */
		811E0B04202F638D00E15E85 /* Sources */ = {
			isa = PBXSourcesBuildPhase;
			buildActionMask = 2147483647;
			files = (
				811E0B24202F652800E15E85 /* Extensions.swift in Sources */,
				811E0B20202F651E00E15E85 /* App.swift in Sources */,
				811E0B23202F652800E15E85 /* DarkSky.swift in Sources */,
				811E0B10202F638D00E15E85 /* ViewController.swift in Sources */,
				811E0B0C202F638D00E15E85 /* AppDelegate.swift in Sources */,
				8119EB2D202FC2E300293AC7 /* WeatherModalView.swift in Sources */,
			);
			runOnlyForDeploymentPostprocessing = 0;
		};
/* End PBXSourcesBuildPhase section */

/* Begin PBXVariantGroup section */
		811E0B11202F638D00E15E85 /* Main.storyboard */ = {
			isa = PBXVariantGroup;
			children = (
				811E0B12202F638D00E15E85 /* Base */,
			);
			name = Main.storyboard;
			sourceTree = "<group>";
		};
		811E0B16202F638D00E15E85 /* LaunchScreen.storyboard */ = {
			isa = PBXVariantGroup;
			children = (
				811E0B17202F638D00E15E85 /* Base */,
			);
			name = LaunchScreen.storyboard;
			sourceTree = "<group>";
		};
/* End PBXVariantGroup section */

/* Begin XCBuildConfiguration section */
		811E0B1A202F638D00E15E85 /* Debug */ = {
			isa = XCBuildConfiguration;
			buildSettings = {
				ALWAYS_SEARCH_USER_PATHS = NO;
				CLANG_ANALYZER_NONNULL = YES;
				CLANG_ANALYZER_NUMBER_OBJECT_CONVERSION = YES_AGGRESSIVE;
				CLANG_CXX_LANGUAGE_STANDARD = "gnu++14";
				CLANG_CXX_LIBRARY = "libc++";
				CLANG_ENABLE_MODULES = YES;
				CLANG_ENABLE_OBJC_ARC = YES;
				CLANG_WARN_BLOCK_CAPTURE_AUTORELEASING = YES;
				CLANG_WARN_BOOL_CONVERSION = YES;
				CLANG_WARN_COMMA = YES;
				CLANG_WARN_CONSTANT_CONVERSION = YES;
				CLANG_WARN_DIRECT_OBJC_ISA_USAGE = YES_ERROR;
				CLANG_WARN_DOCUMENTATION_COMMENTS = YES;
				CLANG_WARN_EMPTY_BODY = YES;
				CLANG_WARN_ENUM_CONVERSION = YES;
				CLANG_WARN_INFINITE_RECURSION = YES;
				CLANG_WARN_INT_CONVERSION = YES;
				CLANG_WARN_NON_LITERAL_NULL_CONVERSION = YES;
				CLANG_WARN_OBJC_LITERAL_CONVERSION = YES;
				CLANG_WARN_OBJC_ROOT_CLASS = YES_ERROR;
				CLANG_WARN_RANGE_LOOP_ANALYSIS = YES;
				CLANG_WARN_STRICT_PROTOTYPES = YES;
				CLANG_WARN_SUSPICIOUS_MOVE = YES;
				CLANG_WARN_UNGUARDED_AVAILABILITY = YES_AGGRESSIVE;
				CLANG_WARN_UNREACHABLE_CODE = YES;
				CLANG_WARN__DUPLICATE_METHOD_MATCH = YES;
				CODE_SIGN_IDENTITY = "iPhone Developer";
				COPY_PHASE_STRIP = NO;
				DEBUG_INFORMATION_FORMAT = dwarf;
				ENABLE_STRICT_OBJC_MSGSEND = YES;
				ENABLE_TESTABILITY = YES;
				GCC_C_LANGUAGE_STANDARD = gnu11;
				GCC_DYNAMIC_NO_PIC = NO;
				GCC_NO_COMMON_BLOCKS = YES;
				GCC_OPTIMIZATION_LEVEL = 0;
				GCC_PREPROCESSOR_DEFINITIONS = (
					"DEBUG=1",
					"$(inherited)",
				);
				GCC_WARN_64_TO_32_BIT_CONVERSION = YES;
				GCC_WARN_ABOUT_RETURN_TYPE = YES_ERROR;
				GCC_WARN_UNDECLARED_SELECTOR = YES;
				GCC_WARN_UNINITIALIZED_AUTOS = YES_AGGRESSIVE;
				GCC_WARN_UNUSED_FUNCTION = YES;
				GCC_WARN_UNUSED_VARIABLE = YES;
				IPHONEOS_DEPLOYMENT_TARGET = 11.2;
				MTL_ENABLE_DEBUG_INFO = YES;
				ONLY_ACTIVE_ARCH = YES;
				SDKROOT = iphoneos;
				SWIFT_ACTIVE_COMPILATION_CONDITIONS = DEBUG;
				SWIFT_OPTIMIZATION_LEVEL = "-Onone";
			};
			name = Debug;
		};
		811E0B1B202F638D00E15E85 /* Release */ = {
			isa = XCBuildConfiguration;
			buildSettings = {
				ALWAYS_SEARCH_USER_PATHS = NO;
				CLANG_ANALYZER_NONNULL = YES;
				CLANG_ANALYZER_NUMBER_OBJECT_CONVERSION = YES_AGGRESSIVE;
				CLANG_CXX_LANGUAGE_STANDARD = "gnu++14";
				CLANG_CXX_LIBRARY = "libc++";
				CLANG_ENABLE_MODULES = YES;
				CLANG_ENABLE_OBJC_ARC = YES;
				CLANG_WARN_BLOCK_CAPTURE_AUTORELEASING = YES;
				CLANG_WARN_BOOL_CONVERSION = YES;
				CLANG_WARN_COMMA = YES;
				CLANG_WARN_CONSTANT_CONVERSION = YES;
				CLANG_WARN_DIRECT_OBJC_ISA_USAGE = YES_ERROR;
				CLANG_WARN_DOCUMENTATION_COMMENTS = YES;
				CLANG_WARN_EMPTY_BODY = YES;
				CLANG_WARN_ENUM_CONVERSION = YES;
				CLANG_WARN_INFINITE_RECURSION = YES;
				CLANG_WARN_INT_CONVERSION = YES;
				CLANG_WARN_NON_LITERAL_NULL_CONVERSION = YES;
				CLANG_WARN_OBJC_LITERAL_CONVERSION = YES;
				CLANG_WARN_OBJC_ROOT_CLASS = YES_ERROR;
				CLANG_WARN_RANGE_LOOP_ANALYSIS = YES;
				CLANG_WARN_STRICT_PROTOTYPES = YES;
				CLANG_WARN_SUSPICIOUS_MOVE = YES;
				CLANG_WARN_UNGUARDED_AVAILABILITY = YES_AGGRESSIVE;
				CLANG_WARN_UNREACHABLE_CODE = YES;
				CLANG_WARN__DUPLICATE_METHOD_MATCH = YES;
				CODE_SIGN_IDENTITY = "iPhone Developer";
				COPY_PHASE_STRIP = NO;
				DEBUG_INFORMATION_FORMAT = "dwarf-with-dsym";
				ENABLE_NS_ASSERTIONS = NO;
				ENABLE_STRICT_OBJC_MSGSEND = YES;
				GCC_C_LANGUAGE_STANDARD = gnu11;
				GCC_NO_COMMON_BLOCKS = YES;
				GCC_WARN_64_TO_32_BIT_CONVERSION = YES;
				GCC_WARN_ABOUT_RETURN_TYPE = YES_ERROR;
				GCC_WARN_UNDECLARED_SELECTOR = YES;
				GCC_WARN_UNINITIALIZED_AUTOS = YES_AGGRESSIVE;
				GCC_WARN_UNUSED_FUNCTION = YES;
				GCC_WARN_UNUSED_VARIABLE = YES;
				IPHONEOS_DEPLOYMENT_TARGET = 11.2;
				MTL_ENABLE_DEBUG_INFO = NO;
				SDKROOT = iphoneos;
				SWIFT_OPTIMIZATION_LEVEL = "-Owholemodule";
				VALIDATE_PRODUCT = YES;
			};
			name = Release;
		};
		811E0B1D202F638D00E15E85 /* Debug */ = {
			isa = XCBuildConfiguration;
			baseConfigurationReference = 4CD5C1CFF69465B4F468E883 /* Pods-Skyfall.debug.xcconfig */;
			buildSettings = {
				ASSETCATALOG_COMPILER_APPICON_NAME = AppIcon;
				CODE_SIGN_STYLE = Automatic;
				DEVELOPMENT_TEAM = P6WDVDEGP6;
				INFOPLIST_FILE = Skyfall/Info.plist;
				LD_RUNPATH_SEARCH_PATHS = "$(inherited) @executable_path/Frameworks";
				PRODUCT_BUNDLE_IDENTIFIER = io.azing.Skyfall;
				PRODUCT_NAME = "$(TARGET_NAME)";
				SWIFT_VERSION = 4.0;
				TARGETED_DEVICE_FAMILY = "1,2";
			};
			name = Debug;
		};
		811E0B1E202F638D00E15E85 /* Release */ = {
			isa = XCBuildConfiguration;
			baseConfigurationReference = 16CB1E75FEC821452CD1D0AA /* Pods-Skyfall.release.xcconfig */;
			buildSettings = {
				ASSETCATALOG_COMPILER_APPICON_NAME = AppIcon;
				CODE_SIGN_STYLE = Automatic;
				DEVELOPMENT_TEAM = P6WDVDEGP6;
				INFOPLIST_FILE = Skyfall/Info.plist;
				LD_RUNPATH_SEARCH_PATHS = "$(inherited) @executable_path/Frameworks";
				PRODUCT_BUNDLE_IDENTIFIER = io.azing.Skyfall;
				PRODUCT_NAME = "$(TARGET_NAME)";
				SWIFT_VERSION = 4.0;
				TARGETED_DEVICE_FAMILY = "1,2";
			};
			name = Release;
		};
/* End XCBuildConfiguration section */

/* Begin XCConfigurationList section */
		811E0B03202F638D00E15E85 /* Build configuration list for PBXProject "Skyfall" */ = {
			isa = XCConfigurationList;
			buildConfigurations = (
				811E0B1A202F638D00E15E85 /* Debug */,
				811E0B1B202F638D00E15E85 /* Release */,
			);
			defaultConfigurationIsVisible = 0;
			defaultConfigurationName = Release;
		};
		811E0B1C202F638D00E15E85 /* Build configuration list for PBXNativeTarget "Skyfall" */ = {
			isa = XCConfigurationList;
			buildConfigurations = (
				811E0B1D202F638D00E15E85 /* Debug */,
				811E0B1E202F638D00E15E85 /* Release */,
			);
			defaultConfigurationIsVisible = 0;
			defaultConfigurationName = Release;
		};
/* End XCConfigurationList section */
	};
	rootObject = 811E0B00202F638D00E15E85 /* Project object */;
}
